
Microsoft Visual Studio Solution File, Format Version 12.00
# Visual Studio Version 17
VisualStudioVersion = 17.9.34622.214
MinimumVisualStudioVersion = 10.0.40219.1
Project("{9A19103F-16F7-4668-BE54-9A1E7A4F7556}") = "Contacts", "Contacts\Contacts.csproj", "{78BE1522-B219-4C4E-8D91-26D88EBA71A5}"
EndProject
Project("{FAE04EC0-301F-11D3-BF4B-00C04F79EFBC}") = "Contacts.DataLayer", "Contacts.DataLayer\Contacts.DataLayer.csproj", "{D3B788E5-2D85-4171-950D-F5C2C0743AD1}"
EndProject
Global
	GlobalSection(SolutionConfigurationPlatforms) = preSolution
		Debug|Any CPU = Debug|Any CPU
		Release|Any CPU = Release|Any CPU
	EndGlobalSection
	GlobalSection(ProjectConfigurationPlatforms) = postSolution
		{78BE1522-B219-4C4E-8D91-26D88EBA71A5}.Debug|Any CPU.ActiveCfg = Debug|Any CPU
		{78BE1522-B219-4C4E-8D91-26D88EBA71A5}.Debug|Any CPU.Build.0 = Debug|Any CPU
		{78BE1522-B219-4C4E-8D91-26D88EBA71A5}.Release|Any CPU.ActiveCfg = Release|Any CPU
		{78BE1522-B219-4C4E-8D91-26D88EBA71A5}.Release|Any CPU.Build.0 = Release|Any CPU
		{D3B788E5-2D85-4171-950D-F5C2C0743AD1}.Debug|Any CPU.ActiveCfg = Debug|Any CPU
		{D3B788E5-2D85-4171-950D-F5C2C0743AD1}.Debug|Any CPU.Build.0 = Debug|Any CPU
		{D3B788E5-2D85-4171-950D-F5C2C0743AD1}.Release|Any CPU.ActiveCfg = Release|Any CPU
		{D3B788E5-2D85-4171-950D-F5C2C0743AD1}.Release|Any CPU.Build.0 = Release|Any CPU
	EndGlobalSection
	GlobalSection(SolutionProperties) = preSolution
		HideSolutionNode = FALSE
	EndGlobalSection
	GlobalSection(ExtensibilityGlobals) = postSolution
		SolutionGuid = {BA017FAF-7160-43CB-A854-12876E9FB042}
	EndGlobalSection
EndGlobal
